PODS:
  - CTMediator (46)
  - DanceA (0.1.0):
    - CTMediator
  - FBSnapshotTestCase (2.1.4):
    - FBSnapshotTestCase/SwiftSupport (= 2.1.4)
  - FBSnapshotTestCase/Core (2.1.4)
  - FBSnapshotTestCase/SwiftSupport (2.1.4):
    - FBSnapshotTestCase/Core

DEPENDENCIES:
  - DanceA (from `../`)
  - FBSnapshotTestCase

SPEC REPOS:
  trunk:
    - CTMediator
    - FBSnapshotTestCase

EXTERNAL SOURCES:
  DanceA:
    :path: "../"

SPEC CHECKSUMS:
  CTMediator: f1cf58d509fb3192086c367711f039efd769b907
  DanceA: fa3f14605af672d515f60f8afe7608b728465d28
  FBSnapshotTestCase: 094f9f314decbabe373b87cc339bea235a63e07a

PODFILE CHECKSUM: 0866f043afcfce4d889a95c894446d9b71978ae5

COCOAPODS: 1.11.3
